
Microsoft Visual Studio Solution File, Format Version 12.00
# Visual Studio Version 17
VisualStudioVersion = 17.1.32407.343
MinimumVisualStudioVersion = 10.0.40219.1
Project("{FAE04EC0-301F-11D3-BF4B-00C04F79EFBC}") = "AiFirstPouriaAhmadi", "AiFirstPouriaAhmadi\AiFirstPouriaAhmadi.csproj", "{44302849-40E5-4C7D-9385-53A3A23F0474}"
EndProject
Global
	GlobalSection(SolutionConfigurationPlatforms) = preSolution
		Debug|Any CPU = Debug|Any CPU
		Release|Any CPU = Release|Any CPU
	EndGlobalSection
	GlobalSection(ProjectConfigurationPlatforms) = postSolution
		{44302849-40E5-4C7D-9385-53A3A23F0474}.Debug|Any CPU.ActiveCfg = Debug|Any CPU
		{44302849-40E5-4C7D-9385-53A3A23F0474}.Debug|Any CPU.Build.0 = Debug|Any CPU
		{44302849-40E5-4C7D-9385-53A3A23F0474}.Release|Any CPU.ActiveCfg = Release|Any CPU
		{44302849-40E5-4C7D-9385-53A3A23F0474}.Release|Any CPU.Build.0 = Release|Any CPU
	EndGlobalSection
	GlobalSection(SolutionProperties) = preSolution
		HideSolutionNode = FALSE
	EndGlobalSection
	GlobalSection(ExtensibilityGlobals) = postSolution
		SolutionGuid = {02B406A8-EC2E-48CE-8857-298B98188431}
	EndGlobalSection
EndGlobal
